# This file is automatically @generated by Cargo.
# It is not intended for manual editing.
[[package]]
name = "paragraphs"
version = "0.1.1"
source = "registry+https://github.com/rust-lang/crates.io-index"

[[package]]
name = "rbuild"
version = "0.1.0"
dependencies = [
 "paragraphs 0.1.1 (registry+https://github.com/rust-lang/crates.io-index)",
]

[metadata]
"checksum paragraphs 0.1.1 (registry+https://github.com/rust-lang/crates.io-index)" = "4d00df4983a7b655b817d4539f54c6f81fe0c0964e87cb917480ddf7fb02a7e2"
